
Microsoft Visual Studio Solution File, Format Version 12.00
# Visual Studio Version 17
VisualStudioVersion = 17.8.34511.84
MinimumVisualStudioVersion = 10.0.40219.1
Project("{FAE04EC0-301F-11D3-BF4B-00C04F79EFBC}") = "ContactList", "ContactList\ContactList.csproj", "{DE736B9F-56F7-4213-BED9-88DD3304956F}"
EndProject
Global
	GlobalSection(SolutionConfigurationPlatforms) = preSolution
		Debug|Any CPU = Debug|Any CPU
		Release|Any CPU = Release|Any CPU
	EndGlobalSection
	GlobalSection(ProjectConfigurationPlatforms) = postSolution
		{DE736B9F-56F7-4213-BED9-88DD3304956F}.Debug|Any CPU.ActiveCfg = Debug|Any CPU
		{DE736B9F-56F7-4213-BED9-88DD3304956F}.Debug|Any CPU.Build.0 = Debug|Any CPU
		{DE736B9F-56F7-4213-BED9-88DD3304956F}.Release|Any CPU.ActiveCfg = Release|Any CPU
		{DE736B9F-56F7-4213-BED9-88DD3304956F}.Release|Any CPU.Build.0 = Release|Any CPU
	EndGlobalSection
	GlobalSection(SolutionProperties) = preSolution
		HideSolutionNode = FALSE
	EndGlobalSection
	GlobalSection(ExtensibilityGlobals) = postSolution
		SolutionGuid = {9C8C7CDF-FCAF-48FD-8F4C-9325CC21F865}
	EndGlobalSection
EndGlobal
